
Microsoft Visual Studio Solution File, Format Version 12.00
# Visual Studio Version 16
VisualStudioVersion = 25.0.1706.8
MinimumVisualStudioVersion = 10.0.40219.1
Project("{FAE04EC0-301F-11D3-BF4B-00C04F79EFBC}") = "programa3", "programa3\programa3.csproj", "{D470F382-E822-42DE-B792-7BEA8137956D}"
EndProject
Global
	GlobalSection(SolutionConfigurationPlatforms) = preSolution
		Debug|Any CPU = Debug|Any CPU
		Release|Any CPU = Release|Any CPU
	EndGlobalSection
	GlobalSection(ProjectConfigurationPlatforms) = postSolution
		{D470F382-E822-42DE-B792-7BEA8137956D}.Debug|Any CPU.ActiveCfg = Debug|Any CPU
		{D470F382-E822-42DE-B792-7BEA8137956D}.Debug|Any CPU.Build.0 = Debug|Any CPU
		{D470F382-E822-42DE-B792-7BEA8137956D}.Release|Any CPU.ActiveCfg = Release|Any CPU
		{D470F382-E822-42DE-B792-7BEA8137956D}.Release|Any CPU.Build.0 = Release|Any CPU
	EndGlobalSection
	GlobalSection(SolutionProperties) = preSolution
		HideSolutionNode = FALSE
	EndGlobalSection
	GlobalSection(ExtensibilityGlobals) = postSolution
		SolutionGuid = {90B2CFE0-26C2-4BAE-9C23-1E0C56CD2431}
	EndGlobalSection
EndGlobal
